
Microsoft Visual Studio Solution File, Format Version 12.00
# Visual Studio Version 16
VisualStudioVersion = 16.0.32602.291
MinimumVisualStudioVersion = 10.0.40219.1
Project("{9A19103F-16F7-4668-BE54-9A1E7A4F7556}") = "TestSqlSugarWebAPI", "TestSqlSugarWebAPI\TestSqlSugarWebAPI.csproj", "{44D3C4F8-00B0-4FF8-86F7-D8C39722E552}"
EndProject
Project("{9A19103F-16F7-4668-BE54-9A1E7A4F7556}") = "Entity", "TestEntitys\Entity.csproj", "{7128F52E-26E1-49CE-BD93-B8A1AFEAD2FF}"
EndProject
Project("{9A19103F-16F7-4668-BE54-9A1E7A4F7556}") = "Interface", "Interface\Interface.csproj", "{4F00C7FA-6495-44A2-8116-5B13BF5152E5}"
EndProject
Project("{9A19103F-16F7-4668-BE54-9A1E7A4F7556}") = "Dal", "Service\Dal.csproj", "{436658B3-4AB7-4437-9606-4995F740DED7}"
EndProject
Project("{9A19103F-16F7-4668-BE54-9A1E7A4F7556}") = "MoudleCreateCode", "MoudleCreateCode\MoudleCreateCode.csproj", "{7864D5A4-1196-4A27-9870-9EE62E8E67A7}"
EndProject
Project("{FAE04EC0-301F-11D3-BF4B-00C04F79EFBC}") = "Utils", "Utils\Utils.csproj", "{14FC58ED-F052-420C-960E-D8F3807098B6}"
EndProject
Global
	GlobalSection(SolutionConfigurationPlatforms) = preSolution
		Debug|Any CPU = Debug|Any CPU
		Release|Any CPU = Release|Any CPU
	EndGlobalSection
	GlobalSection(ProjectConfigurationPlatforms) = postSolution
		{44D3C4F8-00B0-4FF8-86F7-D8C39722E552}.Debug|Any CPU.ActiveCfg = Debug|Any CPU
		{44D3C4F8-00B0-4FF8-86F7-D8C39722E552}.Debug|Any CPU.Build.0 = Debug|Any CPU
		{44D3C4F8-00B0-4FF8-86F7-D8C39722E552}.Release|Any CPU.ActiveCfg = Release|Any CPU
		{44D3C4F8-00B0-4FF8-86F7-D8C39722E552}.Release|Any CPU.Build.0 = Release|Any CPU
		{7128F52E-26E1-49CE-BD93-B8A1AFEAD2FF}.Debug|Any CPU.ActiveCfg = Debug|Any CPU
		{7128F52E-26E1-49CE-BD93-B8A1AFEAD2FF}.Debug|Any CPU.Build.0 = Debug|Any CPU
		{7128F52E-26E1-49CE-BD93-B8A1AFEAD2FF}.Release|Any CPU.ActiveCfg = Release|Any CPU
		{7128F52E-26E1-49CE-BD93-B8A1AFEAD2FF}.Release|Any CPU.Build.0 = Release|Any CPU
		{4F00C7FA-6495-44A2-8116-5B13BF5152E5}.Debug|Any CPU.ActiveCfg = Debug|Any CPU
		{4F00C7FA-6495-44A2-8116-5B13BF5152E5}.Debug|Any CPU.Build.0 = Debug|Any CPU
		{4F00C7FA-6495-44A2-8116-5B13BF5152E5}.Release|Any CPU.ActiveCfg = Release|Any CPU
		{4F00C7FA-6495-44A2-8116-5B13BF5152E5}.Release|Any CPU.Build.0 = Release|Any CPU
		{436658B3-4AB7-4437-9606-4995F740DED7}.Debug|Any CPU.ActiveCfg = Debug|Any CPU
		{436658B3-4AB7-4437-9606-4995F740DED7}.Debug|Any CPU.Build.0 = Debug|Any CPU
		{436658B3-4AB7-4437-9606-4995F740DED7}.Release|Any CPU.ActiveCfg = Release|Any CPU
		{436658B3-4AB7-4437-9606-4995F740DED7}.Release|Any CPU.Build.0 = Release|Any CPU
		{7864D5A4-1196-4A27-9870-9EE62E8E67A7}.Debug|Any CPU.ActiveCfg = Debug|Any CPU
		{7864D5A4-1196-4A27-9870-9EE62E8E67A7}.Debug|Any CPU.Build.0 = Debug|Any CPU
		{7864D5A4-1196-4A27-9870-9EE62E8E67A7}.Release|Any CPU.ActiveCfg = Release|Any CPU
		{7864D5A4-1196-4A27-9870-9EE62E8E67A7}.Release|Any CPU.Build.0 = Release|Any CPU
		{14FC58ED-F052-420C-960E-D8F3807098B6}.Debug|Any CPU.ActiveCfg = Debug|Any CPU
		{14FC58ED-F052-420C-960E-D8F3807098B6}.Debug|Any CPU.Build.0 = Debug|Any CPU
		{14FC58ED-F052-420C-960E-D8F3807098B6}.Release|Any CPU.ActiveCfg = Release|Any CPU
		{14FC58ED-F052-420C-960E-D8F3807098B6}.Release|Any CPU.Build.0 = Release|Any CPU
	EndGlobalSection
	GlobalSection(SolutionProperties) = preSolution
		HideSolutionNode = FALSE
	EndGlobalSection
	GlobalSection(ExtensibilityGlobals) = postSolution
		SolutionGuid = {5CE61147-52CD-40C3-8B0C-A691920F9D86}
	EndGlobalSection
EndGlobal
